# This file is automatically @generated by Cargo.
# It is not intended for manual editing.
version = 4

[[package]]
name = "ex_01_dip"
version = "0.1.0"

[[package]]
name = "ex_01_isp"
version = "0.1.0"

[[package]]
name = "ex_01_lsp"
version = "0.1.0"

[[package]]
name = "ex_01_ocp"
version = "0.1.0"

[[package]]
name = "ex_01_srp"
version = "0.1.0"

[[package]]
name = "ex_02_dip"
version = "0.1.0"

[[package]]
name = "ex_02_isp"
version = "0.1.0"

[[package]]
name = "ex_02_lsp"
version = "0.1.0"

[[package]]
name = "ex_02_ocp"
version = "0.1.0"

[[package]]
name = "ex_02_srp"
version = "0.1.0"

[[package]]
name = "ex_03_dip"
version = "0.1.0"

[[package]]
name = "ex_03_isp"
version = "0.1.0"

[[package]]
name = "ex_03_ocp"
version = "0.1.0"

[[package]]
name = "ex_03_srp"
version = "0.1.0"

[[package]]
name = "ex_04_dip"
version = "0.1.0"

[[package]]
name = "ex_04_isp"
version = "0.1.0"

[[package]]
name = "ex_04_ocp"
version = "0.1.0"

[[package]]
name = "ex_05_dip"
version = "0.1.0"

[[package]]
name = "ex_05_isp"
version = "0.1.0"

[[package]]
name = "ex_05_ocp"
version = "0.1.0"

[[package]]
name = "ex_06_dip"
version = "0.1.0"

[[package]]
name = "ex_06_ocp"
version = "0.1.0"

[[package]]
name = "ex_07_ocp"
version = "0.1.0"

[[package]]
name = "ex_lsp_03"
version = "0.1.0"

[[package]]
name = "ex_lsp_04"
version = "0.1.0"
